// !$*UTF8*$!
{
	archiveVersion = 1;
	classes = {
	};
	objectVersion = 46;
	objects = {

/* Begin PBXBuildFile section */
		877221881F6B77E9008FBFA6 /* Scene.metal in Sources */ = {isa = PBXBuildFile; fileRef = 8772217F1F6B77E9008FBFA6 /* Scene.metal */; };
		877221891F6B77E9008FBFA6 /* Sphere.swift in Sources */ = {isa = PBXBuildFile; fileRef = 877221801F6B77E9008FBFA6 /* Sphere.swift */; };
		8772218A1F6B77E9008FBFA6 /* Plane.swift in Sources */ = {isa = PBXBuildFile; fileRef = 877221811F6B77E9008FBFA6 /* Plane.swift */; };
		8772218B1F6B77E9008FBFA6 /* Scene.h in Headers */ = {isa = PBXBuildFile; fileRef = 877221821F6B77E9008FBFA6 /* Scene.h */; };
		8772218C1F6B77E9008FBFA6 /* Scene.swift in Sources */ = {isa = PBXBuildFile; fileRef = 877221831F6B77E9008FBFA6 /* Scene.swift */; };
		8772218D1F6B77E9008FBFA6 /* Sphere.metal in Sources */ = {isa = PBXBuildFile; fileRef = 877221841F6B77E9008FBFA6 /* Sphere.metal */; };
		8772218E1F6B77E9008FBFA6 /* Plane.metal in Sources */ = {isa = PBXBuildFile; fileRef = 877221851F6B77E9008FBFA6 /* Plane.metal */; };
		8772218F1F6B77E9008FBFA6 /* Sphere.h in Headers */ = {isa = PBXBuildFile; fileRef = 877221861F6B77E9008FBFA6 /* Sphere.h */; };
		877221901F6B77E9008FBFA6 /* Plane.h in Headers */ = {isa = PBXBuildFile; fileRef = 877221871F6B77E9008FBFA6 /* Plane.h */; };
		877221AC1F6B812D008FBFA6 /* R4Tests.swift in Sources */ = {isa = PBXBuildFile; fileRef = 877221AB1F6B812D008FBFA6 /* R4Tests.swift */; };
		877221AE1F6B812E008FBFA6 /* R4.framework in Frameworks */ = {isa = PBXBuildFile; fileRef = 8778C2C01F624EA0006CCEF7 /* R4.framework */; };
		877221B61F6BDFC2008FBFA6 /* Triangle.metal in Sources */ = {isa = PBXBuildFile; fileRef = 877221B51F6BDFC2008FBFA6 /* Triangle.metal */; };
		877221B81F6BDFCD008FBFA6 /* Triangle.swift in Sources */ = {isa = PBXBuildFile; fileRef = 877221B71F6BDFCD008FBFA6 /* Triangle.swift */; };
		8778C2C51F624EA1006CCEF7 /* R4.h in Headers */ = {isa = PBXBuildFile; fileRef = 8778C2C31F624EA1006CCEF7 /* R4.h */; settings = {ATTRIBUTES = (Public, ); }; };
		8778C2D01F624EAF006CCEF7 /* AppDelegate.swift in Sources */ = {isa = PBXBuildFile; fileRef = 8778C2CF1F624EAF006CCEF7 /* AppDelegate.swift */; };
		8778C2D21F624EAF006CCEF7 /* ViewController.swift in Sources */ = {isa = PBXBuildFile; fileRef = 8778C2D11F624EAF006CCEF7 /* ViewController.swift */; };
		8778C2D41F624EAF006CCEF7 /* Assets.xcassets in Resources */ = {isa = PBXBuildFile; fileRef = 8778C2D31F624EAF006CCEF7 /* Assets.xcassets */; };
		8778C2D71F624EAF006CCEF7 /* Main.storyboard in Resources */ = {isa = PBXBuildFile; fileRef = 8778C2D51F624EAF006CCEF7 /* Main.storyboard */; };
		8778C2DF1F625190006CCEF7 /* Render.metal in Sources */ = {isa = PBXBuildFile; fileRef = 8778C2DE1F625190006CCEF7 /* Render.metal */; };
		8778C2E21F625681006CCEF7 /* MetalKit.framework in Frameworks */ = {isa = PBXBuildFile; fileRef = 8778C2E11F625681006CCEF7 /* MetalKit.framework */; };
		8778C2E41F625685006CCEF7 /* Metal.framework in Frameworks */ = {isa = PBXBuildFile; fileRef = 8778C2E31F625685006CCEF7 /* Metal.framework */; };
/* End PBXBuildFile section */

/* Begin PBXContainerItemProxy section */
		876AAB5C1F66AE57007561FB /* PBXContainerItemProxy */ = {
			isa = PBXContainerItemProxy;
			containerPortal = 8778C2B51F624E8E006CCEF7 /* Project object */;
			proxyType = 1;
			remoteGlobalIDString = 8778C2BF1F624EA0006CCEF7;
			remoteInfo = R4;
		};
		877221AF1F6B812E008FBFA6 /* PBXContainerItemProxy */ = {
			isa = PBXContainerItemProxy;
			containerPortal = 8778C2B51F624E8E006CCEF7 /* Project object */;
			proxyType = 1;
			remoteGlobalIDString = 8778C2BF1F624EA0006CCEF7;
			remoteInfo = R4;
		};
/* End PBXContainerItemProxy section */

/* Begin PBXFileReference section */
		8772217F1F6B77E9008FBFA6 /* Scene.metal */ = {isa = PBXFileReference; fileEncoding = 4; lastKnownFileType = sourcecode.metal; name = Scene.metal; path = ../../R4/Scene.metal; sourceTree = "<group>"; };
		877221801F6B77E9008FBFA6 /* Sphere.swift */ = {isa = PBXFileReference; fileEncoding = 4; lastKnownFileType = sourcecode.swift; name = Sphere.swift; path = ../../R4/Sphere.swift; sourceTree = "<group>"; };
		877221811F6B77E9008FBFA6 /* Plane.swift */ = {isa = PBXFileReference; fileEncoding = 4; lastKnownFileType = sourcecode.swift; name = Plane.swift; path = ../../R4/Plane.swift; sourceTree = "<group>"; };
		877221821F6B77E9008FBFA6 /* Scene.h */ = {isa = PBXFileReference; fileEncoding = 4; lastKnownFileType = sourcecode.c.h; name = Scene.h; path = ../../R4/Scene.h; sourceTree = "<group>"; };
		877221831F6B77E9008FBFA6 /* Scene.swift */ = {isa = PBXFileReference; fileEncoding = 4; lastKnownFileType = sourcecode.swift; name = Scene.swift; path = ../../R4/Scene.swift; sourceTree = "<group>"; };
		877221841F6B77E9008FBFA6 /* Sphere.metal */ = {isa = PBXFileReference; fileEncoding = 4; lastKnownFileType = sourcecode.metal; name = Sphere.metal; path = ../../R4/Sphere.metal; sourceTree = "<group>"; };
		877221851F6B77E9008FBFA6 /* Plane.metal */ = {isa = PBXFileReference; fileEncoding = 4; lastKnownFileType = sourcecode.metal; name = Plane.metal; path = ../../R4/Plane.metal; sourceTree = "<group>"; };
		877221861F6B77E9008FBFA6 /* Sphere.h */ = {isa = PBXFileReference; fileEncoding = 4; lastKnownFileType = sourcecode.c.h; name = Sphere.h; path = ../../R4/Sphere.h; sourceTree = "<group>"; };
		877221871F6B77E9008FBFA6 /* Plane.h */ = {isa = PBXFileReference; fileEncoding = 4; lastKnownFileType = sourcecode.c.h; name = Plane.h; path = ../../R4/Plane.h; sourceTree = "<group>"; };
		877221A91F6B812D008FBFA6 /* R4Tests.xctest */ = {isa = PBXFileReference; explicitFileType = wrapper.cfbundle; includeInIndex = 0; path = R4Tests.xctest; sourceTree = BUILT_PRODUCTS_DIR; };
		877221AB1F6B812D008FBFA6 /* R4Tests.swift */ = {isa = PBXFileReference; lastKnownFileType = sourcecode.swift; path = R4Tests.swift; sourceTree = "<group>"; };
		877221AD1F6B812E008FBFA6 /* Info.plist */ = {isa = PBXFileReference; lastKnownFileType = text.plist.xml; path = Info.plist; sourceTree = "<group>"; };
		877221B41F6BDFB7008FBFA6 /* Triangle.h */ = {isa = PBXFileReference; lastKnownFileType = sourcecode.c.h; name = Triangle.h; path = ../../R4/Triangle.h; sourceTree = "<group>"; };
		877221B51F6BDFC2008FBFA6 /* Triangle.metal */ = {isa = PBXFileReference; fileEncoding = 4; lastKnownFileType = sourcecode.metal; name = Triangle.metal; path = ../../R4/Triangle.metal; sourceTree = "<group>"; };
		877221B71F6BDFCD008FBFA6 /* Triangle.swift */ = {isa = PBXFileReference; fileEncoding = 4; lastKnownFileType = sourcecode.swift; name = Triangle.swift; path = ../../R4/Triangle.swift; sourceTree = "<group>"; };
		8778C2C01F624EA0006CCEF7 /* R4.framework */ = {isa = PBXFileReference; explicitFileType = wrapper.framework; includeInIndex = 0; path = R4.framework; sourceTree = BUILT_PRODUCTS_DIR; };
		8778C2C31F624EA1006CCEF7 /* R4.h */ = {isa = PBXFileReference; lastKnownFileType = sourcecode.c.h; path = R4.h; sourceTree = "<group>"; };
		8778C2C41F624EA1006CCEF7 /* Info.plist */ = {isa = PBXFileReference; lastKnownFileType = text.plist.xml; path = Info.plist; sourceTree = "<group>"; };
		8778C2CD1F624EAF006CCEF7 /* Stage.app */ = {isa = PBXFileReference; explicitFileType = wrapper.application; includeInIndex = 0; path = Stage.app; sourceTree = BUILT_PRODUCTS_DIR; };
		8778C2CF1F624EAF006CCEF7 /* AppDelegate.swift */ = {isa = PBXFileReference; lastKnownFileType = sourcecode.swift; path = AppDelegate.swift; sourceTree = "<group>"; };
		8778C2D11F624EAF006CCEF7 /* ViewController.swift */ = {isa = PBXFileReference; lastKnownFileType = sourcecode.swift; path = ViewController.swift; sourceTree = "<group>"; };
		8778C2D31F624EAF006CCEF7 /* Assets.xcassets */ = {isa = PBXFileReference; lastKnownFileType = folder.assetcatalog; path = Assets.xcassets; sourceTree = "<group>"; };
		8778C2D61F624EAF006CCEF7 /* Base */ = {isa = PBXFileReference; lastKnownFileType = file.storyboard; name = Base; path = Base.lproj/Main.storyboard; sourceTree = "<group>"; };
		8778C2D81F624EAF006CCEF7 /* Info.plist */ = {isa = PBXFileReference; lastKnownFileType = text.plist.xml; path = Info.plist; sourceTree = "<group>"; };
		8778C2DE1F625190006CCEF7 /* Render.metal */ = {isa = PBXFileReference; fileEncoding = 4; lastKnownFileType = sourcecode.metal; path = Render.metal; sourceTree = "<group>"; };
		8778C2E11F625681006CCEF7 /* MetalKit.framework */ = {isa = PBXFileReference; lastKnownFileType = wrapper.framework; name = MetalKit.framework; path = System/Library/Frameworks/MetalKit.framework; sourceTree = SDKROOT; };
		8778C2E31F625685006CCEF7 /* Metal.framework */ = {isa = PBXFileReference; lastKnownFileType = wrapper.framework; name = Metal.framework; path = System/Library/Frameworks/Metal.framework; sourceTree = SDKROOT; };
/* End PBXFileReference section */

/* Begin PBXFrameworksBuildPhase section */
		877221A61F6B812D008FBFA6 /* Frameworks */ = {
			isa = PBXFrameworksBuildPhase;
			buildActionMask = 2147483647;
			files = (
				877221AE1F6B812E008FBFA6 /* R4.framework in Frameworks */,
			);
			runOnlyForDeploymentPostprocessing = 0;
		};
		8778C2BC1F624EA0006CCEF7 /* Frameworks */ = {
			isa = PBXFrameworksBuildPhase;
			buildActionMask = 2147483647;
			files = (
			);
			runOnlyForDeploymentPostprocessing = 0;
		};
		8778C2CA1F624EAF006CCEF7 /* Frameworks */ = {
			isa = PBXFrameworksBuildPhase;
			buildActionMask = 2147483647;
			files = (
				8778C2E41F625685006CCEF7 /* Metal.framework in Frameworks */,
				8778C2E21F625681006CCEF7 /* MetalKit.framework in Frameworks */,
			);
			runOnlyForDeploymentPostprocessing = 0;
		};
/* End PBXFrameworksBuildPhase section */

/* Begin PBXGroup section */
		877221AA1F6B812D008FBFA6 /* R4Tests */ = {
			isa = PBXGroup;
			children = (
				877221AB1F6B812D008FBFA6 /* R4Tests.swift */,
				877221AD1F6B812E008FBFA6 /* Info.plist */,
			);
			path = R4Tests;
			sourceTree = SOURCE_ROOT;
		};
		8778C2B41F624E8E006CCEF7 = {
			isa = PBXGroup;
			children = (
				8778C2CE1F624EAF006CCEF7 /* Stage */,
				8778C2C21F624EA1006CCEF7 /* R4 */,
				877221AA1F6B812D008FBFA6 /* R4Tests */,
				8778C2C11F624EA0006CCEF7 /* Products */,
				8778C2E01F625681006CCEF7 /* Frameworks */,
			);
			sourceTree = "<group>";
		};
		8778C2C11F624EA0006CCEF7 /* Products */ = {
			isa = PBXGroup;
			children = (
				8778C2C01F624EA0006CCEF7 /* R4.framework */,
				8778C2CD1F624EAF006CCEF7 /* Stage.app */,
				877221A91F6B812D008FBFA6 /* R4Tests.xctest */,
			);
			name = Products;
			sourceTree = "<group>";
		};
		8778C2C21F624EA1006CCEF7 /* R4 */ = {
			isa = PBXGroup;
			children = (
				877221821F6B77E9008FBFA6 /* Scene.h */,
				8772217F1F6B77E9008FBFA6 /* Scene.metal */,
				877221831F6B77E9008FBFA6 /* Scene.swift */,
				877221861F6B77E9008FBFA6 /* Sphere.h */,
				877221841F6B77E9008FBFA6 /* Sphere.metal */,
				877221801F6B77E9008FBFA6 /* Sphere.swift */,
				877221871F6B77E9008FBFA6 /* Plane.h */,
				877221851F6B77E9008FBFA6 /* Plane.metal */,
				877221811F6B77E9008FBFA6 /* Plane.swift */,
				877221B41F6BDFB7008FBFA6 /* Triangle.h */,
				877221B51F6BDFC2008FBFA6 /* Triangle.metal */,
				877221B71F6BDFCD008FBFA6 /* Triangle.swift */,
				8778C2C31F624EA1006CCEF7 /* R4.h */,
				8778C2C41F624EA1006CCEF7 /* Info.plist */,
			);
			path = R4;
			sourceTree = "<group>";
		};
		8778C2CE1F624EAF006CCEF7 /* Stage */ = {
			isa = PBXGroup;
			children = (
				8778C2CF1F624EAF006CCEF7 /* AppDelegate.swift */,
				8778C2D11F624EAF006CCEF7 /* ViewController.swift */,
				8778C2DE1F625190006CCEF7 /* Render.metal */,
				8778C2D31F624EAF006CCEF7 /* Assets.xcassets */,
				8778C2D51F624EAF006CCEF7 /* Main.storyboard */,
				8778C2D81F624EAF006CCEF7 /* Info.plist */,
			);
			path = Stage;
			sourceTree = "<group>";
		};
		8778C2E01F625681006CCEF7 /* Frameworks */ = {
			isa = PBXGroup;
			children = (
				8778C2E31F625685006CCEF7 /* Metal.framework */,
				8778C2E11F625681006CCEF7 /* MetalKit.framework */,
			);
			name = Frameworks;
			sourceTree = "<group>";
		};
/* End PBXGroup section */

/* Begin PBXHeadersBuildPhase section */
		8778C2BD1F624EA0006CCEF7 /* Headers */ = {
			isa = PBXHeadersBuildPhase;
			buildActionMask = 2147483647;
			files = (
				8778C2C51F624EA1006CCEF7 /* R4.h in Headers */,
				877221901F6B77E9008FBFA6 /* Plane.h in Headers */,
				8772218B1F6B77E9008FBFA6 /* Scene.h in Headers */,
				8772218F1F6B77E9008FBFA6 /* Sphere.h in Headers */,
			);
			runOnlyForDeploymentPostprocessing = 0;
		};
/* End PBXHeadersBuildPhase section */

/* Begin PBXNativeTarget section */
		877221A81F6B812D008FBFA6 /* R4Tests */ = {
			isa = PBXNativeTarget;
			buildConfigurationList = 877221B11F6B812E008FBFA6 /* Build configuration list for PBXNativeTarget "R4Tests" */;
			buildPhases = (
				877221A51F6B812D008FBFA6 /* Sources */,
				877221A61F6B812D008FBFA6 /* Frameworks */,
				877221A71F6B812D008FBFA6 /* Resources */,
			);
			buildRules = (
			);
			dependencies = (
				877221B01F6B812E008FBFA6 /* PBXTargetDependency */,
			);
			name = R4Tests;
			productName = R4Tests;
			productReference = 877221A91F6B812D008FBFA6 /* R4Tests.xctest */;
			productType = "com.apple.product-type.bundle.unit-test";
		};
		8778C2BF1F624EA0006CCEF7 /* R4 */ = {
			isa = PBXNativeTarget;
			buildConfigurationList = 8778C2C61F624EA1006CCEF7 /* Build configuration list for PBXNativeTarget "R4" */;
			buildPhases = (
				8778C2BB1F624EA0006CCEF7 /* Sources */,
				8778C2BC1F624EA0006CCEF7 /* Frameworks */,
				8778C2BD1F624EA0006CCEF7 /* Headers */,
				8778C2BE1F624EA0006CCEF7 /* Resources */,
			);
			buildRules = (
			);
			dependencies = (
			);
			name = R4;
			productName = R4;
			productReference = 8778C2C01F624EA0006CCEF7 /* R4.framework */;
			productType = "com.apple.product-type.framework";
		};
		8778C2CC1F624EAF006CCEF7 /* Stage */ = {
			isa = PBXNativeTarget;
			buildConfigurationList = 8778C2D91F624EAF006CCEF7 /* Build configuration list for PBXNativeTarget "Stage" */;
			buildPhases = (
				8778C2C91F624EAF006CCEF7 /* Sources */,
				8778C2CA1F624EAF006CCEF7 /* Frameworks */,
				8778C2CB1F624EAF006CCEF7 /* Resources */,
			);
			buildRules = (
			);
			dependencies = (
				876AAB5D1F66AE57007561FB /* PBXTargetDependency */,
			);
			name = Stage;
			productName = Stage;
			productReference = 8778C2CD1F624EAF006CCEF7 /* Stage.app */;
			productType = "com.apple.product-type.application";
		};
/* End PBXNativeTarget section */

/* Begin PBXProject section */
		8778C2B51F624E8E006CCEF7 /* Project object */ = {
			isa = PBXProject;
			attributes = {
				LastSwiftUpdateCheck = 0830;
				LastUpgradeCheck = 0910;
				TargetAttributes = {
					877221A81F6B812D008FBFA6 = {
						CreatedOnToolsVersion = 8.3.3;
						DevelopmentTeam = 49QMLWEE5Z;
						ProvisioningStyle = Automatic;
					};
					8778C2BF1F624EA0006CCEF7 = {
						CreatedOnToolsVersion = 8.3.3;
						DevelopmentTeam = 49QMLWEE5Z;
						LastSwiftMigration = 0900;
						ProvisioningStyle = Automatic;
					};
					8778C2CC1F624EAF006CCEF7 = {
						CreatedOnToolsVersion = 8.3.3;
						DevelopmentTeam = 49QMLWEE5Z;
						LastSwiftMigration = 0900;
						ProvisioningStyle = Automatic;
					};
				};
			};
			buildConfigurationList = 8778C2B81F624E8E006CCEF7 /* Build configuration list for PBXProject "macOS" */;
			compatibilityVersion = "Xcode 3.2";
			developmentRegion = English;
			hasScannedForEncodings = 0;
			knownRegions = (
				en,
				Base,
			);
			mainGroup = 8778C2B41F624E8E006CCEF7;
			productRefGroup = 8778C2C11F624EA0006CCEF7 /* Products */;
			projectDirPath = "";
			projectRoot = "";
			targets = (
				8778C2CC1F624EAF006CCEF7 /* Stage */,
				8778C2BF1F624EA0006CCEF7 /* R4 */,
				877221A81F6B812D008FBFA6 /* R4Tests */,
			);
		};
/* End PBXProject section */

/* Begin PBXResourcesBuildPhase section */
		877221A71F6B812D008FBFA6 /* Resources */ = {
			isa = PBXResourcesBuildPhase;
			buildActionMask = 2147483647;
			files = (
			);
			runOnlyForDeploymentPostprocessing = 0;
		};
		8778C2BE1F624EA0006CCEF7 /* Resources */ = {
			isa = PBXResourcesBuildPhase;
			buildActionMask = 2147483647;
			files = (
			);
			runOnlyForDeploymentPostprocessing = 0;
		};
		8778C2CB1F624EAF006CCEF7 /* Resources */ = {
			isa = PBXResourcesBuildPhase;
			buildActionMask = 2147483647;
			files = (
				8778C2D41F624EAF006CCEF7 /* Assets.xcassets in Resources */,
				8778C2D71F624EAF006CCEF7 /* Main.storyboard in Resources */,
			);
			runOnlyForDeploymentPostprocessing = 0;
		};
/* End PBXResourcesBuildPhase section */

/* Begin PBXSourcesBuildPhase section */
		877221A51F6B812D008FBFA6 /* Sources */ = {
			isa = PBXSourcesBuildPhase;
			buildActionMask = 2147483647;
			files = (
				877221AC1F6B812D008FBFA6 /* R4Tests.swift in Sources */,
			);
			runOnlyForDeploymentPostprocessing = 0;
		};
		8778C2BB1F624EA0006CCEF7 /* Sources */ = {
			isa = PBXSourcesBuildPhase;
			buildActionMask = 2147483647;
			files = (
				8772218C1F6B77E9008FBFA6 /* Scene.swift in Sources */,
				877221891F6B77E9008FBFA6 /* Sphere.swift in Sources */,
				8772218A1F6B77E9008FBFA6 /* Plane.swift in Sources */,
				877221881F6B77E9008FBFA6 /* Scene.metal in Sources */,
				8772218E1F6B77E9008FBFA6 /* Plane.metal in Sources */,
				8772218D1F6B77E9008FBFA6 /* Sphere.metal in Sources */,
				877221B61F6BDFC2008FBFA6 /* Triangle.metal in Sources */,
				877221B81F6BDFCD008FBFA6 /* Triangle.swift in Sources */,
			);
			runOnlyForDeploymentPostprocessing = 0;
		};
		8778C2C91F624EAF006CCEF7 /* Sources */ = {
			isa = PBXSourcesBuildPhase;
			buildActionMask = 2147483647;
			files = (
				8778C2DF1F625190006CCEF7 /* Render.metal in Sources */,
				8778C2D21F624EAF006CCEF7 /* ViewController.swift in Sources */,
				8778C2D01F624EAF006CCEF7 /* AppDelegate.swift in Sources */,
			);
			runOnlyForDeploymentPostprocessing = 0;
		};
/* End PBXSourcesBuildPhase section */

/* Begin PBXTargetDependency section */
		876AAB5D1F66AE57007561FB /* PBXTargetDependency */ = {
			isa = PBXTargetDependency;
			target = 8778C2BF1F624EA0006CCEF7 /* R4 */;
			targetProxy = 876AAB5C1F66AE57007561FB /* PBXContainerItemProxy */;
		};
		877221B01F6B812E008FBFA6 /* PBXTargetDependency */ = {
			isa = PBXTargetDependency;
			target = 8778C2BF1F624EA0006CCEF7 /* R4 */;
			targetProxy = 877221AF1F6B812E008FBFA6 /* PBXContainerItemProxy */;
		};
/* End PBXTargetDependency section */

/* Begin PBXVariantGroup section */
		8778C2D51F624EAF006CCEF7 /* Main.storyboard */ = {
			isa = PBXVariantGroup;
			children = (
				8778C2D61F624EAF006CCEF7 /* Base */,
			);
			name = Main.storyboard;
			sourceTree = "<group>";
		};
/* End PBXVariantGroup section */

/* Begin XCBuildConfiguration section */
		877221B21F6B812E008FBFA6 /* Debug */ = {
			isa = XCBuildConfiguration;
			buildSettings = {
				INFOPLIST_FILE = R4Tests/Info.plist;
				LD_RUNPATH_SEARCH_PATHS = "$(inherited) @executable_path/../Frameworks @loader_path/../Frameworks";
				PRODUCT_BUNDLE_IDENTIFIER = com.organi2e.R4Tests;
				PRODUCT_NAME = "$(TARGET_NAME)";
			};
			name = Debug;
		};
		877221B31F6B812E008FBFA6 /* Release */ = {
			isa = XCBuildConfiguration;
			buildSettings = {
				INFOPLIST_FILE = R4Tests/Info.plist;
				LD_RUNPATH_SEARCH_PATHS = "$(inherited) @executable_path/../Frameworks @loader_path/../Frameworks";
				PRODUCT_BUNDLE_IDENTIFIER = com.organi2e.R4Tests;
				PRODUCT_NAME = "$(TARGET_NAME)";
			};
			name = Release;
		};
		8778C2B91F624E8E006CCEF7 /* Debug */ = {
			isa = XCBuildConfiguration;
			buildSettings = {
				CLANG_ENABLE_OBJC_ARC = YES;
				SWIFT_VERSION = 4.0;
			};
			name = Debug;
		};
		8778C2BA1F624E8E006CCEF7 /* Release */ = {
			isa = XCBuildConfiguration;
			buildSettings = {
				CLANG_ENABLE_OBJC_ARC = YES;
				SWIFT_VERSION = 4.0;
			};
			name = Release;
		};
		8778C2C71F624EA1006CCEF7 /* Debug */ = {
			isa = XCBuildConfiguration;
			buildSettings = {
				ALWAYS_SEARCH_USER_PATHS = NO;
				CLANG_ENABLE_MODULES = YES;
				DEFINES_MODULE = YES;
				DYLIB_INSTALL_NAME_BASE = "@rpath";
				INFOPLIST_FILE = R4/Info.plist;
				LD_RUNPATH_SEARCH_PATHS = "$(inherited) @executable_path/../Frameworks @loader_path/Frameworks";
				PRODUCT_BUNDLE_IDENTIFIER = com.organi2e.R4;
				PRODUCT_NAME = "$(TARGET_NAME)";
			};
			name = Debug;
		};
		8778C2C81F624EA1006CCEF7 /* Release */ = {
			isa = XCBuildConfiguration;
			buildSettings = {
				ALWAYS_SEARCH_USER_PATHS = NO;
				CLANG_ENABLE_MODULES = YES;
				DEFINES_MODULE = YES;
				DYLIB_INSTALL_NAME_BASE = "@rpath";
				INFOPLIST_FILE = R4/Info.plist;
				LD_RUNPATH_SEARCH_PATHS = "$(inherited) @executable_path/../Frameworks @loader_path/Frameworks";
				PRODUCT_BUNDLE_IDENTIFIER = com.organi2e.R4;
				PRODUCT_NAME = "$(TARGET_NAME)";
			};
			name = Release;
		};
		8778C2DA1F624EAF006CCEF7 /* Debug */ = {
			isa = XCBuildConfiguration;
			buildSettings = {
				INFOPLIST_FILE = Stage/Info.plist;
				LD_RUNPATH_SEARCH_PATHS = "$(inherited) @executable_path/../Frameworks";
				PRODUCT_BUNDLE_IDENTIFIER = com.organi2e.R4.Stage;
				PRODUCT_NAME = Stage;
			};
			name = Debug;
		};
		8778C2DB1F624EAF006CCEF7 /* Release */ = {
			isa = XCBuildConfiguration;
			buildSettings = {
				INFOPLIST_FILE = Stage/Info.plist;
				LD_RUNPATH_SEARCH_PATHS = "$(inherited) @executable_path/../Frameworks";
				PRODUCT_BUNDLE_IDENTIFIER = com.organi2e.R4.Stage;
				PRODUCT_NAME = Stage;
			};
			name = Release;
		};
/* End XCBuildConfiguration section */

/* Begin XCConfigurationList section */
		877221B11F6B812E008FBFA6 /* Build configuration list for PBXNativeTarget "R4Tests" */ = {
			isa = XCConfigurationList;
			buildConfigurations = (
				877221B21F6B812E008FBFA6 /* Debug */,
				877221B31F6B812E008FBFA6 /* Release */,
			);
			defaultConfigurationIsVisible = 0;
			defaultConfigurationName = Release;
		};
		8778C2B81F624E8E006CCEF7 /* Build configuration list for PBXProject "macOS" */ = {
			isa = XCConfigurationList;
			buildConfigurations = (
				8778C2B91F624E8E006CCEF7 /* Debug */,
				8778C2BA1F624E8E006CCEF7 /* Release */,
			);
			defaultConfigurationIsVisible = 0;
			defaultConfigurationName = Release;
		};
		8778C2C61F624EA1006CCEF7 /* Build configuration list for PBXNativeTarget "R4" */ = {
			isa = XCConfigurationList;
			buildConfigurations = (
				8778C2C71F624EA1006CCEF7 /* Debug */,
				8778C2C81F624EA1006CCEF7 /* Release */,
			);
			defaultConfigurationIsVisible = 0;
			defaultConfigurationName = Release;
		};
		8778C2D91F624EAF006CCEF7 /* Build configuration list for PBXNativeTarget "Stage" */ = {
			isa = XCConfigurationList;
			buildConfigurations = (
				8778C2DA1F624EAF006CCEF7 /* Debug */,
				8778C2DB1F624EAF006CCEF7 /* Release */,
			);
			defaultConfigurationIsVisible = 0;
			defaultConfigurationName = Release;
		};
/* End XCConfigurationList section */
	};
	rootObject = 8778C2B51F624E8E006CCEF7 /* Project object */;
}
